
Microsoft Visual Studio Solution File, Format Version 12.00
# Visual Studio Version 17
VisualStudioVersion = 17.4.33213.308
MinimumVisualStudioVersion = 10.0.40219.1
Project("{9A19103F-16F7-4668-BE54-9A1E7A4F7556}") = "BotManager.Api", "BotManager.Api.csproj", "{12091BB6-0D5C-45E8-928E-41FF42C0D768}"
EndProject
Project("{9A19103F-16F7-4668-BE54-9A1E7A4F7556}") = "BotManager.Lib", "..\BotManager.Lib\BotManager.Lib.csproj", "{1FED180C-3FFD-4B86-A49F-FB0B84D3E084}"
EndProject
Project("{FAE04EC0-301F-11D3-BF4B-00C04F79EFBC}") = "BotManager.Console", "..\BotManager.Console\BotManager.Console.csproj", "{872BCB57-FF02-4760-8CDB-3C02E8A27354}"
EndProject
Global
	GlobalSection(SolutionConfigurationPlatforms) = preSolution
		Debug|Any CPU = Debug|Any CPU
		Release|Any CPU = Release|Any CPU
	EndGlobalSection
	GlobalSection(ProjectConfigurationPlatforms) = postSolution
		{12091BB6-0D5C-45E8-928E-41FF42C0D768}.Debug|Any CPU.ActiveCfg = Debug|Any CPU
		{12091BB6-0D5C-45E8-928E-41FF42C0D768}.Debug|Any CPU.Build.0 = Debug|Any CPU
		{12091BB6-0D5C-45E8-928E-41FF42C0D768}.Release|Any CPU.ActiveCfg = Release|Any CPU
		{12091BB6-0D5C-45E8-928E-41FF42C0D768}.Release|Any CPU.Build.0 = Release|Any CPU
		{1FED180C-3FFD-4B86-A49F-FB0B84D3E084}.Debug|Any CPU.ActiveCfg = Debug|Any CPU
		{1FED180C-3FFD-4B86-A49F-FB0B84D3E084}.Debug|Any CPU.Build.0 = Debug|Any CPU
		{1FED180C-3FFD-4B86-A49F-FB0B84D3E084}.Release|Any CPU.ActiveCfg = Release|Any CPU
		{1FED180C-3FFD-4B86-A49F-FB0B84D3E084}.Release|Any CPU.Build.0 = Release|Any CPU
		{872BCB57-FF02-4760-8CDB-3C02E8A27354}.Debug|Any CPU.ActiveCfg = Debug|Any CPU
		{872BCB57-FF02-4760-8CDB-3C02E8A27354}.Debug|Any CPU.Build.0 = Debug|Any CPU
		{872BCB57-FF02-4760-8CDB-3C02E8A27354}.Release|Any CPU.ActiveCfg = Release|Any CPU
		{872BCB57-FF02-4760-8CDB-3C02E8A27354}.Release|Any CPU.Build.0 = Release|Any CPU
	EndGlobalSection
	GlobalSection(SolutionProperties) = preSolution
		HideSolutionNode = FALSE
	EndGlobalSection
	GlobalSection(ExtensibilityGlobals) = postSolution
		SolutionGuid = {E6F46A29-16CA-468E-97C6-0128D102169A}
	EndGlobalSection
EndGlobal
